
Microsoft Visual Studio Solution File, Format Version 12.00
# Visual Studio Version 17
VisualStudioVersion = 17.3.32825.248
MinimumVisualStudioVersion = 10.0.40219.1
Project("{9A19103F-16F7-4668-BE54-9A1E7A4F7556}") = "CustomerSite", "CustomerSite\CustomerSite.csproj", "{4EF05623-74B9-48B6-BFBC-8E298E59727A}"
EndProject
Project("{FAE04EC0-301F-11D3-BF4B-00C04F79EFBC}") = "Backend", "Backend\Backend.csproj", "{23B9A61C-AB60-485F-84F8-2E8BCDD3FDEF}"
EndProject
Project("{FAE04EC0-301F-11D3-BF4B-00C04F79EFBC}") = "SharedView", "SharedView\SharedView.csproj", "{08EB647A-8E3E-45D3-ABB5-56083D5C9177}"
EndProject
Global
	GlobalSection(SolutionConfigurationPlatforms) = preSolution
		Debug|Any CPU = Debug|Any CPU
		Release|Any CPU = Release|Any CPU
	EndGlobalSection
	GlobalSection(ProjectConfigurationPlatforms) = postSolution
		{4EF05623-74B9-48B6-BFBC-8E298E59727A}.Debug|Any CPU.ActiveCfg = Debug|Any CPU
		{4EF05623-74B9-48B6-BFBC-8E298E59727A}.Debug|Any CPU.Build.0 = Debug|Any CPU
		{4EF05623-74B9-48B6-BFBC-8E298E59727A}.Release|Any CPU.ActiveCfg = Release|Any CPU
		{4EF05623-74B9-48B6-BFBC-8E298E59727A}.Release|Any CPU.Build.0 = Release|Any CPU
		{23B9A61C-AB60-485F-84F8-2E8BCDD3FDEF}.Debug|Any CPU.ActiveCfg = Debug|Any CPU
		{23B9A61C-AB60-485F-84F8-2E8BCDD3FDEF}.Debug|Any CPU.Build.0 = Debug|Any CPU
		{23B9A61C-AB60-485F-84F8-2E8BCDD3FDEF}.Release|Any CPU.ActiveCfg = Release|Any CPU
		{23B9A61C-AB60-485F-84F8-2E8BCDD3FDEF}.Release|Any CPU.Build.0 = Release|Any CPU
		{08EB647A-8E3E-45D3-ABB5-56083D5C9177}.Debug|Any CPU.ActiveCfg = Debug|Any CPU
		{08EB647A-8E3E-45D3-ABB5-56083D5C9177}.Debug|Any CPU.Build.0 = Debug|Any CPU
		{08EB647A-8E3E-45D3-ABB5-56083D5C9177}.Release|Any CPU.ActiveCfg = Release|Any CPU
		{08EB647A-8E3E-45D3-ABB5-56083D5C9177}.Release|Any CPU.Build.0 = Release|Any CPU
	EndGlobalSection
	GlobalSection(SolutionProperties) = preSolution
		HideSolutionNode = FALSE
	EndGlobalSection
	GlobalSection(ExtensibilityGlobals) = postSolution
		SolutionGuid = {2A1D9544-84E3-4776-B5C5-B7CCC42B33F0}
	EndGlobalSection
EndGlobal
